{
  "requires": true,
  "lockfileVersion": 1,
  "dependencies": {
    "jspredict": {
      "version": "1.0.3",
      "resolved": "https://registry.npmjs.org/jspredict/-/jspredict-1.0.3.tgz",
      "integrity": "sha1-mW+U/NDHrLwEHRPcuUGj2oqkD/k=",
      "requires": {
        "moment": "^2.10.6",
        "satellite.js": "^1.2.0"
      },
      "dependencies": {
        "satellite.js": {
          "version": "1.3.0",
          "resolved": "https://registry.npmjs.org/satellite.js/-/satellite.js-1.3.0.tgz",
          "integrity": "sha1-Aw0D/U3VJHLrfqejKMaTvQ6D2eU="
        }
      }
    },
    "moment": {
      "version": "2.24.0",
      "resolved": "https://registry.npmjs.org/moment/-/moment-2.24.0.tgz",
      "integrity": "sha512-bV7f+6l2QigeBBZSM/6yTNq4P2fNpSWj/0e7jQcy87A8e7o2nAfP/34/2ky5Vw4B9S446EtIhodAzkFCcR4dQg=="
    },
    "moment-timezone": {
      "version": "0.5.27",
      "resolved": "https://registry.npmjs.org/moment-timezone/-/moment-timezone-0.5.27.tgz",
      "integrity": "sha512-EIKQs7h5sAsjhPCqN6ggx6cEbs94GK050254TIJySD1bzoM5JTYDwAU1IoVOeTOL6Gm27kYJ51/uuvq1kIlrbw==",
      "requires": {
        "moment": ">= 2.9.0"
      }
    },
    "satellite.js": {
      "version": "4.0.0",
      "resolved": "https://registry.npmjs.org/satellite.js/-/satellite.js-4.0.0.tgz",
      "integrity": "sha512-Ij6PC1TRhjr3ySLgGlUOh9VQzOX6GGr+3fmsykF4SPBCRkUzBWOVUEhrUBkC/ME3RHTqIxMT0J+5esnuTFInCA=="
    }
  }
}
